
Microsoft Visual Studio Solution File, Format Version 11.00
# Visual Studio 2010
Project("{FAE04EC0-301F-11D3-BF4B-00C04F79EFBC}") = "InputSimulator", "InputSimulator\InputSimulator.csproj", "{3549CD6F-80F8-450F-B99E-CF0A736B1F2A}"
EndProject
Project("{FAE04EC0-301F-11D3-BF4B-00C04F79EFBC}") = "InputSimulator.Tests", "InputSimulator.Tests\InputSimulator.Tests.csproj", "{93982D2F-BEAD-49F7-86A9-C68159410F28}"
EndProject
Project("{FAE04EC0-301F-11D3-BF4B-00C04F79EFBC}") = "InputSimulator.SampleClient.Wpf", "InputSimulator.SampleClient.Wpf\InputSimulator.SampleClient.Wpf.csproj", "{DE70B414-25CB-4C64-82EE-3955FECDF762}"
EndProject
Global
	GlobalSection(SolutionConfigurationPlatforms) = preSolution
		Debug|Any CPU = Debug|Any CPU
		Debug|Mixed Platforms = Debug|Mixed Platforms
		Debug|x86 = Debug|x86
		Release|Any CPU = Release|Any CPU
		Release|Mixed Platforms = Release|Mixed Platforms
		Release|x86 = Release|x86
	EndGlobalSection
	GlobalSection(ProjectConfigurationPlatforms) = postSolution
		{3549CD6F-80F8-450F-B99E-CF0A736B1F2A}.Debug|Any CPU.ActiveCfg = Debug|Any CPU
		{3549CD6F-80F8-450F-B99E-CF0A736B1F2A}.Debug|Any CPU.Build.0 = Debug|Any CPU
		{3549CD6F-80F8-450F-B99E-CF0A736B1F2A}.Debug|Mixed Platforms.ActiveCfg = Debug|Any CPU
		{3549CD6F-80F8-450F-B99E-CF0A736B1F2A}.Debug|Mixed Platforms.Build.0 = Debug|Any CPU
		{3549CD6F-80F8-450F-B99E-CF0A736B1F2A}.Debug|x86.ActiveCfg = Debug|Any CPU
		{3549CD6F-80F8-450F-B99E-CF0A736B1F2A}.Release|Any CPU.ActiveCfg = Release|Any CPU
		{3549CD6F-80F8-450F-B99E-CF0A736B1F2A}.Release|Any CPU.Build.0 = Release|Any CPU
		{3549CD6F-80F8-450F-B99E-CF0A736B1F2A}.Release|Mixed Platforms.ActiveCfg = Release|Any CPU
		{3549CD6F-80F8-450F-B99E-CF0A736B1F2A}.Release|Mixed Platforms.Build.0 = Release|Any CPU
		{3549CD6F-80F8-450F-B99E-CF0A736B1F2A}.Release|x86.ActiveCfg = Release|Any CPU
		{93982D2F-BEAD-49F7-86A9-C68159410F28}.Debug|Any CPU.ActiveCfg = Debug|Any CPU
		{93982D2F-BEAD-49F7-86A9-C68159410F28}.Debug|Any CPU.Build.0 = Debug|Any CPU
		{93982D2F-BEAD-49F7-86A9-C68159410F28}.Debug|Mixed Platforms.ActiveCfg = Debug|Any CPU
		{93982D2F-BEAD-49F7-86A9-C68159410F28}.Debug|Mixed Platforms.Build.0 = Debug|Any CPU
		{93982D2F-BEAD-49F7-86A9-C68159410F28}.Debug|x86.ActiveCfg = Debug|Any CPU
		{93982D2F-BEAD-49F7-86A9-C68159410F28}.Release|Any CPU.ActiveCfg = Release|Any CPU
		{93982D2F-BEAD-49F7-86A9-C68159410F28}.Release|Any CPU.Build.0 = Release|Any CPU
		{93982D2F-BEAD-49F7-86A9-C68159410F28}.Release|Mixed Platforms.ActiveCfg = Release|Any CPU
		{93982D2F-BEAD-49F7-86A9-C68159410F28}.Release|Mixed Platforms.Build.0 = Release|Any CPU
		{93982D2F-BEAD-49F7-86A9-C68159410F28}.Release|x86.ActiveCfg = Release|Any CPU
		{DE70B414-25CB-4C64-82EE-3955FECDF762}.Debug|Any CPU.ActiveCfg = Debug|x86
		{DE70B414-25CB-4C64-82EE-3955FECDF762}.Debug|Mixed Platforms.ActiveCfg = Debug|x86
		{DE70B414-25CB-4C64-82EE-3955FECDF762}.Debug|Mixed Platforms.Build.0 = Debug|x86
		{DE70B414-25CB-4C64-82EE-3955FECDF762}.Debug|x86.ActiveCfg = Debug|x86
		{DE70B414-25CB-4C64-82EE-3955FECDF762}.Debug|x86.Build.0 = Debug|x86
		{DE70B414-25CB-4C64-82EE-3955FECDF762}.Release|Any CPU.ActiveCfg = Release|x86
		{DE70B414-25CB-4C64-82EE-3955FECDF762}.Release|Mixed Platforms.ActiveCfg = Release|x86
		{DE70B414-25CB-4C64-82EE-3955FECDF762}.Release|Mixed Platforms.Build.0 = Release|x86
		{DE70B414-25CB-4C64-82EE-3955FECDF762}.Release|x86.ActiveCfg = Release|x86
		{DE70B414-25CB-4C64-82EE-3955FECDF762}.Release|x86.Build.0 = Release|x86
	EndGlobalSection
	GlobalSection(SolutionProperties) = preSolution
		HideSolutionNode = FALSE
	EndGlobalSection
EndGlobal
